// !$*UTF8*$!
{
	archiveVersion = 1;
	classes = {
	};
	objectVersion = 77;
	objects = {

/* Begin PBXBuildFile section */
		F2E1AF402ED8FC4D008C51DE /* SDWebImageSwiftUI in Frameworks */ = {isa = PBXBuildFile; productRef = F2E1AF3F2ED8FC4D008C51DE /* SDWebImageSwiftUI */; };
		F2E1AF422ED8FC51008C51DE /* Alamofire in Frameworks */ = {isa = PBXBuildFile; productRef = F2E1AF412ED8FC51008C51DE /* Alamofire */; };
		F2E1AF442ED8FC53008C51DE /* FlowStacks in Frameworks */ = {isa = PBXBuildFile; productRef = F2E1AF432ED8FC53008C51DE /* FlowStacks */; };
/* End PBXBuildFile section */

/* Begin PBXContainerItemProxy section */
		F2E1AEE82ED8F54D008C51DE /* PBXContainerItemProxy */ = {
			isa = PBXContainerItemProxy;
			containerPortal = F2E1AED22ED8F54B008C51DE /* Project object */;
			proxyType = 1;
			remoteGlobalIDString = F2E1AED92ED8F54B008C51DE;
			remoteInfo = examen;
		};
		F2E1AEF22ED8F54D008C51DE /* PBXContainerItemProxy */ = {
			isa = PBXContainerItemProxy;
			containerPortal = F2E1AED22ED8F54B008C51DE /* Project object */;
			proxyType = 1;
			remoteGlobalIDString = F2E1AED92ED8F54B008C51DE;
			remoteInfo = examen;
		};
/* End PBXContainerItemProxy section */

/* Begin PBXCopyFilesBuildPhase section */
		F2E1AF472ED8FC5A008C51DE /* Embed Frameworks */ = {
			isa = PBXCopyFilesBuildPhase;
			buildActionMask = 2147483647;
			dstPath = "";
			dstSubfolderSpec = 10;
			files = (
			);
			name = "Embed Frameworks";
			runOnlyForDeploymentPostprocessing = 0;
		};
/* End PBXCopyFilesBuildPhase section */

/* Begin PBXFileReference section */
		F2E1AEDA2ED8F54B008C51DE /* examen.app */ = {isa = PBXFileReference; explicitFileType = wrapper.application; includeInIndex = 0; path = examen.app; sourceTree = BUILT_PRODUCTS_DIR; };
		F2E1AEE72ED8F54D008C51DE /* examenTests.xctest */ = {isa = PBXFileReference; explicitFileType = wrapper.cfbundle; includeInIndex = 0; path = examenTests.xctest; sourceTree = BUILT_PRODUCTS_DIR; };
		F2E1AEF12ED8F54D008C51DE /* examenUITests.xctest */ = {isa = PBXFileReference; explicitFileType = wrapper.cfbundle; includeInIndex = 0; path = examenUITests.xctest; sourceTree = BUILT_PRODUCTS_DIR; };
/* End PBXFileReference section */

/* Begin PBXFileSystemSynchronizedRootGroup section */
		F2E1AEDC2ED8F54B008C51DE /* examen */ = {
			isa = PBXFileSystemSynchronizedRootGroup;
			path = examen;
			sourceTree = "<group>";
		};
		F2E1AEEA2ED8F54D008C51DE /* examenTests */ = {
			isa = PBXFileSystemSynchronizedRootGroup;
			path = examenTests;
			sourceTree = "<group>";
		};
		F2E1AEF42ED8F54D008C51DE /* examenUITests */ = {
			isa = PBXFileSystemSynchronizedRootGroup;
			path = examenUITests;
			sourceTree = "<group>";
		};
/* End PBXFileSystemSynchronizedRootGroup section */

/* Begin PBXFrameworksBuildPhase section */
		F2E1AED72ED8F54B008C51DE /* Frameworks */ = {
			isa = PBXFrameworksBuildPhase;
			buildActionMask = 2147483647;
			files = (
				F2E1AF402ED8FC4D008C51DE /* SDWebImageSwiftUI in Frameworks */,
				F2E1AF422ED8FC51008C51DE /* Alamofire in Frameworks */,
				F2E1AF442ED8FC53008C51DE /* FlowStacks in Frameworks */,
			);
			runOnlyForDeploymentPostprocessing = 0;
		};
		F2E1AEE42ED8F54D008C51DE /* Frameworks */ = {
			isa = PBXFrameworksBuildPhase;
			buildActionMask = 2147483647;
			files = (
			);
			runOnlyForDeploymentPostprocessing = 0;
		};
		F2E1AEEE2ED8F54D008C51DE /* Frameworks */ = {
			isa = PBXFrameworksBuildPhase;
			buildActionMask = 2147483647;
			files = (
			);
			runOnlyForDeploymentPostprocessing = 0;
		};
/* End PBXFrameworksBuildPhase section */

/* Begin PBXGroup section */
		F2E1AED12ED8F54B008C51DE = {
			isa = PBXGroup;
			children = (
				F2E1AEDC2ED8F54B008C51DE /* examen */,
				F2E1AEEA2ED8F54D008C51DE /* examenTests */,
				F2E1AEF42ED8F54D008C51DE /* examenUITests */,
				F2E1AF3C2ED8FC22008C51DE /* Frameworks */,
				F2E1AEDB2ED8F54B008C51DE /* Products */,
			);
			sourceTree = "<group>";
		};
		F2E1AEDB2ED8F54B008C51DE /* Products */ = {
			isa = PBXGroup;
			children = (
				F2E1AEDA2ED8F54B008C51DE /* examen.app */,
				F2E1AEE72ED8F54D008C51DE /* examenTests.xctest */,
				F2E1AEF12ED8F54D008C51DE /* examenUITests.xctest */,
			);
			name = Products;
			sourceTree = "<group>";
		};
		F2E1AF3C2ED8FC22008C51DE /* Frameworks */ = {
			isa = PBXGroup;
			children = (
			);
			name = Frameworks;
			sourceTree = "<group>";
		};
/* End PBXGroup section */

/* Begin PBXNativeTarget section */
		F2E1AED92ED8F54B008C51DE /* examen */ = {
			isa = PBXNativeTarget;
			buildConfigurationList = F2E1AEFB2ED8F54D008C51DE /* Build configuration list for PBXNativeTarget "examen" */;
			buildPhases = (
				F2E1AED62ED8F54B008C51DE /* Sources */,
				F2E1AED72ED8F54B008C51DE /* Frameworks */,
				F2E1AED82ED8F54B008C51DE /* Resources */,
				F2E1AF472ED8FC5A008C51DE /* Embed Frameworks */,
			);
			buildRules = (
			);
			dependencies = (
			);
			fileSystemSynchronizedGroups = (
				F2E1AEDC2ED8F54B008C51DE /* examen */,
			);
			name = examen;
			packageProductDependencies = (
				F2E1AF3F2ED8FC4D008C51DE /* SDWebImageSwiftUI */,
				F2E1AF412ED8FC51008C51DE /* Alamofire */,
				F2E1AF432ED8FC53008C51DE /* FlowStacks */,
			);
			productName = examen;
			productReference = F2E1AEDA2ED8F54B008C51DE /* examen.app */;
			productType = "com.apple.product-type.application";
		};
		F2E1AEE62ED8F54D008C51DE /* examenTests */ = {
			isa = PBXNativeTarget;
			buildConfigurationList = F2E1AEFE2ED8F54D008C51DE /* Build configuration list for PBXNativeTarget "examenTests" */;
			buildPhases = (
				F2E1AEE32ED8F54D008C51DE /* Sources */,
				F2E1AEE42ED8F54D008C51DE /* Frameworks */,
				F2E1AEE52ED8F54D008C51DE /* Resources */,
			);
			buildRules = (
			);
			dependencies = (
				F2E1AEE92ED8F54D008C51DE /* PBXTargetDependency */,
			);
			fileSystemSynchronizedGroups = (
				F2E1AEEA2ED8F54D008C51DE /* examenTests */,
			);
			name = examenTests;
			packageProductDependencies = (
			);
			productName = examenTests;
			productReference = F2E1AEE72ED8F54D008C51DE /* examenTests.xctest */;
			productType = "com.apple.product-type.bundle.unit-test";
		};
		F2E1AEF02ED8F54D008C51DE /* examenUITests */ = {
			isa = PBXNativeTarget;
			buildConfigurationList = F2E1AF012ED8F54D008C51DE /* Build configuration list for PBXNativeTarget "examenUITests" */;
			buildPhases = (
				F2E1AEED2ED8F54D008C51DE /* Sources */,
				F2E1AEEE2ED8F54D008C51DE /* Frameworks */,
				F2E1AEEF2ED8F54D008C51DE /* Resources */,
			);
			buildRules = (
			);
			dependencies = (
				F2E1AEF32ED8F54D008C51DE /* PBXTargetDependency */,
			);
			fileSystemSynchronizedGroups = (
				F2E1AEF42ED8F54D008C51DE /* examenUITests */,
			);
			name = examenUITests;
			packageProductDependencies = (
			);
			productName = examenUITests;
			productReference = F2E1AEF12ED8F54D008C51DE /* examenUITests.xctest */;
			productType = "com.apple.product-type.bundle.ui-testing";
		};
/* End PBXNativeTarget section */

/* Begin PBXProject section */
		F2E1AED22ED8F54B008C51DE /* Project object */ = {
			isa = PBXProject;
			attributes = {
				BuildIndependentTargetsInParallel = 1;
				LastSwiftUpdateCheck = 2610;
				LastUpgradeCheck = 2610;
				TargetAttributes = {
					F2E1AED92ED8F54B008C51DE = {
						CreatedOnToolsVersion = 26.1;
					};
					F2E1AEE62ED8F54D008C51DE = {
						CreatedOnToolsVersion = 26.1;
						TestTargetID = F2E1AED92ED8F54B008C51DE;
					};
					F2E1AEF02ED8F54D008C51DE = {
						CreatedOnToolsVersion = 26.1;
						TestTargetID = F2E1AED92ED8F54B008C51DE;
					};
				};
			};
			buildConfigurationList = F2E1AED52ED8F54B008C51DE /* Build configuration list for PBXProject "examen" */;
			developmentRegion = en;
			hasScannedForEncodings = 0;
			knownRegions = (
				en,
				Base,
			);
			mainGroup = F2E1AED12ED8F54B008C51DE;
			minimizedProjectReferenceProxies = 1;
			packageReferences = (
				F2E1AF392ED8FBFF008C51DE /* XCRemoteSwiftPackageReference "SDWebImageSwiftUI" */,
				F2E1AF3A2ED8FC0E008C51DE /* XCRemoteSwiftPackageReference "Alamofire" */,
				F2E1AF3B2ED8FC18008C51DE /* XCRemoteSwiftPackageReference "FlowStacks" */,
			);
			preferredProjectObjectVersion = 77;
			productRefGroup = F2E1AEDB2ED8F54B008C51DE /* Products */;
			projectDirPath = "";
			projectRoot = "";
			targets = (
				F2E1AED92ED8F54B008C51DE /* examen */,
				F2E1AEE62ED8F54D008C51DE /* examenTests */,
				F2E1AEF02ED8F54D008C51DE /* examenUITests */,
			);
		};
/* End PBXProject section */

/* Begin PBXResourcesBuildPhase section */
		F2E1AED82ED8F54B008C51DE /* Resources */ = {
			isa = PBXResourcesBuildPhase;
			buildActionMask = 2147483647;
			files = (
			);
			runOnlyForDeploymentPostprocessing = 0;
		};
		F2E1AEE52ED8F54D008C51DE /* Resources */ = {
			isa = PBXResourcesBuildPhase;
			buildActionMask = 2147483647;
			files = (
			);
			runOnlyForDeploymentPostprocessing = 0;
		};
		F2E1AEEF2ED8F54D008C51DE /* Resources */ = {
			isa = PBXResourcesBuildPhase;
			buildActionMask = 2147483647;
			files = (
			);
			runOnlyForDeploymentPostprocessing = 0;
		};
/* End PBXResourcesBuildPhase section */

/* Begin PBXSourcesBuildPhase section */
		F2E1AED62ED8F54B008C51DE /* Sources */ = {
			isa = PBXSourcesBuildPhase;
			buildActionMask = 2147483647;
			files = (
			);
			runOnlyForDeploymentPostprocessing = 0;
		};
		F2E1AEE32ED8F54D008C51DE /* Sources */ = {
			isa = PBXSourcesBuildPhase;
			buildActionMask = 2147483647;
			files = (
			);
			runOnlyForDeploymentPostprocessing = 0;
		};
		F2E1AEED2ED8F54D008C51DE /* Sources */ = {
			isa = PBXSourcesBuildPhase;
			buildActionMask = 2147483647;
			files = (
			);
			runOnlyForDeploymentPostprocessing = 0;
		};
/* End PBXSourcesBuildPhase section */

/* Begin PBXTargetDependency section */
		F2E1AEE92ED8F54D008C51DE /* PBXTargetDependency */ = {
			isa = PBXTargetDependency;
			target = F2E1AED92ED8F54B008C51DE /* examen */;
			targetProxy = F2E1AEE82ED8F54D008C51DE /* PBXContainerItemProxy */;
		};
		F2E1AEF32ED8F54D008C51DE /* PBXTargetDependency */ = {
			isa = PBXTargetDependency;
			target = F2E1AED92ED8F54B008C51DE /* examen */;
			targetProxy = F2E1AEF22ED8F54D008C51DE /* PBXContainerItemProxy */;
		};
/* End PBXTargetDependency section */

/* Begin XCBuildConfiguration section */
		F2E1AEF92ED8F54D008C51DE /* Debug */ = {
			isa = XCBuildConfiguration;
			buildSettings = {
				ALWAYS_SEARCH_USER_PATHS = NO;
				ASSETCATALOG_COMPILER_GENERATE_SWIFT_ASSET_SYMBOL_EXTENSIONS = YES;
				CLANG_ANALYZER_NONNULL = YES;
				CLANG_ANALYZER_NUMBER_OBJECT_CONVERSION = YES_AGGRESSIVE;
				CLANG_CXX_LANGUAGE_STANDARD = "gnu++20";
				CLANG_ENABLE_MODULES = YES;
				CLANG_ENABLE_OBJC_ARC = YES;
				CLANG_ENABLE_OBJC_WEAK = YES;
				CLANG_WARN_BLOCK_CAPTURE_AUTORELEASING = YES;
				CLANG_WARN_BOOL_CONVERSION = YES;
				CLANG_WARN_COMMA = YES;
				CLANG_WARN_CONSTANT_CONVERSION = YES;
				CLANG_WARN_DEPRECATED_OBJC_IMPLEMENTATIONS = YES;
				CLANG_WARN_DIRECT_OBJC_ISA_USAGE = YES_ERROR;
				CLANG_WARN_DOCUMENTATION_COMMENTS = YES;
				CLANG_WARN_EMPTY_BODY = YES;
				CLANG_WARN_ENUM_CONVERSION = YES;
				CLANG_WARN_INFINITE_RECURSION = YES;
				CLANG_WARN_INT_CONVERSION = YES;
				CLANG_WARN_NON_LITERAL_NULL_CONVERSION = YES;
				CLANG_WARN_OBJC_IMPLICIT_RETAIN_SELF = YES;
				CLANG_WARN_OBJC_LITERAL_CONVERSION = YES;
				CLANG_WARN_OBJC_ROOT_CLASS = YES_ERROR;
				CLANG_WARN_QUOTED_INCLUDE_IN_FRAMEWORK_HEADER = YES;
				CLANG_WARN_RANGE_LOOP_ANALYSIS = YES;
				CLANG_WARN_STRICT_PROTOTYPES = YES;
				CLANG_WARN_SUSPICIOUS_MOVE = YES;
				CLANG_WARN_UNGUARDED_AVAILABILITY = YES_AGGRESSIVE;
				CLANG_WARN_UNREACHABLE_CODE = YES;
				CLANG_WARN__DUPLICATE_METHOD_MATCH = YES;
				COPY_PHASE_STRIP = NO;
				DEBUG_INFORMATION_FORMAT = dwarf;
				ENABLE_STRICT_OBJC_MSGSEND = YES;
				ENABLE_TESTABILITY = YES;
				ENABLE_USER_SCRIPT_SANDBOXING = YES;
				GCC_C_LANGUAGE_STANDARD = gnu17;
				GCC_DYNAMIC_NO_PIC = NO;
				GCC_NO_COMMON_BLOCKS = YES;
				GCC_OPTIMIZATION_LEVEL = 0;
				GCC_PREPROCESSOR_DEFINITIONS = (
					"DEBUG=1",
					"$(inherited)",
				);
				GCC_WARN_64_TO_32_BIT_CONVERSION = YES;
				GCC_WARN_ABOUT_RETURN_TYPE = YES_ERROR;
				GCC_WARN_UNDECLARED_SELECTOR = YES;
				GCC_WARN_UNINITIALIZED_AUTOS = YES_AGGRESSIVE;
				GCC_WARN_UNUSED_FUNCTION = YES;
				GCC_WARN_UNUSED_VARIABLE = YES;
				IPHONEOS_DEPLOYMENT_TARGET = 26.1;
				LOCALIZATION_PREFERS_STRING_CATALOGS = YES;
				MTL_ENABLE_DEBUG_INFO = INCLUDE_SOURCE;
				MTL_FAST_MATH = YES;
				ONLY_ACTIVE_ARCH = YES;
				SDKROOT = iphoneos;
				SWIFT_ACTIVE_COMPILATION_CONDITIONS = "DEBUG $(inherited)";
				SWIFT_OPTIMIZATION_LEVEL = "-Onone";
			};
			name = Debug;
		};
		F2E1AEFA2ED8F54D008C51DE /* Release */ = {
			isa = XCBuildConfiguration;
			buildSettings = {
				ALWAYS_SEARCH_USER_PATHS = NO;
				ASSETCATALOG_COMPILER_GENERATE_SWIFT_ASSET_SYMBOL_EXTENSIONS = YES;
				CLANG_ANALYZER_NONNULL = YES;
				CLANG_ANALYZER_NUMBER_OBJECT_CONVERSION = YES_AGGRESSIVE;
				CLANG_CXX_LANGUAGE_STANDARD = "gnu++20";
				CLANG_ENABLE_MODULES = YES;
				CLANG_ENABLE_OBJC_ARC = YES;
				CLANG_ENABLE_OBJC_WEAK = YES;
				CLANG_WARN_BLOCK_CAPTURE_AUTORELEASING = YES;
				CLANG_WARN_BOOL_CONVERSION = YES;
				CLANG_WARN_COMMA = YES;
				CLANG_WARN_CONSTANT_CONVERSION = YES;
				CLANG_WARN_DEPRECATED_OBJC_IMPLEMENTATIONS = YES;
				CLANG_WARN_DIRECT_OBJC_ISA_USAGE = YES_ERROR;
				CLANG_WARN_DOCUMENTATION_COMMENTS = YES;
				CLANG_WARN_EMPTY_BODY = YES;
				CLANG_WARN_ENUM_CONVERSION = YES;
				CLANG_WARN_INFINITE_RECURSION = YES;
				CLANG_WARN_INT_CONVERSION = YES;
				CLANG_WARN_NON_LITERAL_NULL_CONVERSION = YES;
				CLANG_WARN_OBJC_IMPLICIT_RETAIN_SELF = YES;
				CLANG_WARN_OBJC_LITERAL_CONVERSION = YES;
				CLANG_WARN_OBJC_ROOT_CLASS = YES_ERROR;
				CLANG_WARN_QUOTED_INCLUDE_IN_FRAMEWORK_HEADER = YES;
				CLANG_WARN_RANGE_LOOP_ANALYSIS = YES;
				CLANG_WARN_STRICT_PROTOTYPES = YES;
				CLANG_WARN_SUSPICIOUS_MOVE = YES;
				CLANG_WARN_UNGUARDED_AVAILABILITY = YES_AGGRESSIVE;
				CLANG_WARN_UNREACHABLE_CODE = YES;
				CLANG_WARN__DUPLICATE_METHOD_MATCH = YES;
				COPY_PHASE_STRIP = NO;
				DEBUG_INFORMATION_FORMAT = "dwarf-with-dsym";
				ENABLE_NS_ASSERTIONS = NO;
				ENABLE_STRICT_OBJC_MSGSEND = YES;
				ENABLE_USER_SCRIPT_SANDBOXING = YES;
				GCC_C_LANGUAGE_STANDARD = gnu17;
				GCC_NO_COMMON_BLOCKS = YES;
				GCC_WARN_64_TO_32_BIT_CONVERSION = YES;
				GCC_WARN_ABOUT_RETURN_TYPE = YES_ERROR;
				GCC_WARN_UNDECLARED_SELECTOR = YES;
				GCC_WARN_UNINITIALIZED_AUTOS = YES_AGGRESSIVE;
				GCC_WARN_UNUSED_FUNCTION = YES;
				GCC_WARN_UNUSED_VARIABLE = YES;
				IPHONEOS_DEPLOYMENT_TARGET = 26.1;
				LOCALIZATION_PREFERS_STRING_CATALOGS = YES;
				MTL_ENABLE_DEBUG_INFO = NO;
				MTL_FAST_MATH = YES;
				SDKROOT = iphoneos;
				SWIFT_COMPILATION_MODE = wholemodule;
				VALIDATE_PRODUCT = YES;
			};
			name = Release;
		};
		F2E1AEFC2ED8F54D008C51DE /* Debug */ = {
			isa = XCBuildConfiguration;
			buildSettings = {
				ASSETCATALOG_COMPILER_APPICON_NAME = AppIcon;
				ASSETCATALOG_COMPILER_GLOBAL_ACCENT_COLOR_NAME = AccentColor;
				CODE_SIGN_STYLE = Automatic;
				CURRENT_PROJECT_VERSION = 1;
				ENABLE_PREVIEWS = YES;
				GENERATE_INFOPLIST_FILE = YES;
				INFOPLIST_KEY_UIApplicationSceneManifest_Generation = YES;
				INFOPLIST_KEY_UIApplicationSupportsIndirectInputEvents = YES;
				INFOPLIST_KEY_UILaunchScreen_Generation = YES;
				INFOPLIST_KEY_UISupportedInterfaceOrientations_iPad = "UIInterfaceOrientationPortrait UIInterfaceOrientationPortraitUpsideDown UIInterfaceOrientationLandscapeLeft UIInterfaceOrientationLandscapeRight";
				INFOPLIST_KEY_UISupportedInterfaceOrientations_iPhone = "UIInterfaceOrientationPortrait UIInterfaceOrientationLandscapeLeft UIInterfaceOrientationLandscapeRight";
				LD_RUNPATH_SEARCH_PATHS = (
					"$(inherited)",
					"@executable_path/Frameworks",
				);
				MARKETING_VERSION = 1.0;
				PRODUCT_BUNDLE_IDENTIFIER = com.example.examen;
				PRODUCT_NAME = "$(TARGET_NAME)";
				STRING_CATALOG_GENERATE_SYMBOLS = YES;
				SWIFT_APPROACHABLE_CONCURRENCY = YES;
				SWIFT_DEFAULT_ACTOR_ISOLATION = MainActor;
				SWIFT_EMIT_LOC_STRINGS = YES;
				SWIFT_UPCOMING_FEATURE_MEMBER_IMPORT_VISIBILITY = YES;
				SWIFT_VERSION = 5.0;
				TARGETED_DEVICE_FAMILY = "1,2";
			};
			name = Debug;
		};
		F2E1AEFD2ED8F54D008C51DE /* Release */ = {
			isa = XCBuildConfiguration;
			buildSettings = {
				ASSETCATALOG_COMPILER_APPICON_NAME = AppIcon;
				ASSETCATALOG_COMPILER_GLOBAL_ACCENT_COLOR_NAME = AccentColor;
				CODE_SIGN_STYLE = Automatic;
				CURRENT_PROJECT_VERSION = 1;
				ENABLE_PREVIEWS = YES;
				GENERATE_INFOPLIST_FILE = YES;
				INFOPLIST_KEY_UIApplicationSceneManifest_Generation = YES;
				INFOPLIST_KEY_UIApplicationSupportsIndirectInputEvents = YES;
				INFOPLIST_KEY_UILaunchScreen_Generation = YES;
				INFOPLIST_KEY_UISupportedInterfaceOrientations_iPad = "UIInterfaceOrientationPortrait UIInterfaceOrientationPortraitUpsideDown UIInterfaceOrientationLandscapeLeft UIInterfaceOrientationLandscapeRight";
				INFOPLIST_KEY_UISupportedInterfaceOrientations_iPhone = "UIInterfaceOrientationPortrait UIInterfaceOrientationLandscapeLeft UIInterfaceOrientationLandscapeRight";
				LD_RUNPATH_SEARCH_PATHS = (
					"$(inherited)",
					"@executable_path/Frameworks",
				);
				MARKETING_VERSION = 1.0;
				PRODUCT_BUNDLE_IDENTIFIER = com.example.examen;
				PRODUCT_NAME = "$(TARGET_NAME)";
				STRING_CATALOG_GENERATE_SYMBOLS = YES;
				SWIFT_APPROACHABLE_CONCURRENCY = YES;
				SWIFT_DEFAULT_ACTOR_ISOLATION = MainActor;
				SWIFT_EMIT_LOC_STRINGS = YES;
				SWIFT_UPCOMING_FEATURE_MEMBER_IMPORT_VISIBILITY = YES;
				SWIFT_VERSION = 5.0;
				TARGETED_DEVICE_FAMILY = "1,2";
			};
			name = Release;
		};
		F2E1AEFF2ED8F54D008C51DE /* Debug */ = {
			isa = XCBuildConfiguration;
			buildSettings = {
				BUNDLE_LOADER = "$(TEST_HOST)";
				CODE_SIGN_STYLE = Automatic;
				CURRENT_PROJECT_VERSION = 1;
				GENERATE_INFOPLIST_FILE = YES;
				IPHONEOS_DEPLOYMENT_TARGET = 26.1;
				MARKETING_VERSION = 1.0;
				PRODUCT_BUNDLE_IDENTIFIER = com.example.examenTests;
				PRODUCT_NAME = "$(TARGET_NAME)";
				STRING_CATALOG_GENERATE_SYMBOLS = NO;
				SWIFT_APPROACHABLE_CONCURRENCY = YES;
				SWIFT_EMIT_LOC_STRINGS = NO;
				SWIFT_UPCOMING_FEATURE_MEMBER_IMPORT_VISIBILITY = YES;
				SWIFT_VERSION = 5.0;
				TARGETED_DEVICE_FAMILY = "1,2";
				TEST_HOST = "$(BUILT_PRODUCTS_DIR)/examen.app/$(BUNDLE_EXECUTABLE_FOLDER_PATH)/examen";
			};
			name = Debug;
		};
		F2E1AF002ED8F54D008C51DE /* Release */ = {
			isa = XCBuildConfiguration;
			buildSettings = {
				BUNDLE_LOADER = "$(TEST_HOST)";
				CODE_SIGN_STYLE = Automatic;
				CURRENT_PROJECT_VERSION = 1;
				GENERATE_INFOPLIST_FILE = YES;
				IPHONEOS_DEPLOYMENT_TARGET = 26.1;
				MARKETING_VERSION = 1.0;
				PRODUCT_BUNDLE_IDENTIFIER = com.example.examenTests;
				PRODUCT_NAME = "$(TARGET_NAME)";
				STRING_CATALOG_GENERATE_SYMBOLS = NO;
				SWIFT_APPROACHABLE_CONCURRENCY = YES;
				SWIFT_EMIT_LOC_STRINGS = NO;
				SWIFT_UPCOMING_FEATURE_MEMBER_IMPORT_VISIBILITY = YES;
				SWIFT_VERSION = 5.0;
				TARGETED_DEVICE_FAMILY = "1,2";
				TEST_HOST = "$(BUILT_PRODUCTS_DIR)/examen.app/$(BUNDLE_EXECUTABLE_FOLDER_PATH)/examen";
			};
			name = Release;
		};
		F2E1AF022ED8F54D008C51DE /* Debug */ = {
			isa = XCBuildConfiguration;
			buildSettings = {
				CODE_SIGN_STYLE = Automatic;
				CURRENT_PROJECT_VERSION = 1;
				GENERATE_INFOPLIST_FILE = YES;
				MARKETING_VERSION = 1.0;
				PRODUCT_BUNDLE_IDENTIFIER = com.example.examenUITests;
				PRODUCT_NAME = "$(TARGET_NAME)";
				STRING_CATALOG_GENERATE_SYMBOLS = NO;
				SWIFT_APPROACHABLE_CONCURRENCY = YES;
				SWIFT_EMIT_LOC_STRINGS = NO;
				SWIFT_UPCOMING_FEATURE_MEMBER_IMPORT_VISIBILITY = YES;
				SWIFT_VERSION = 5.0;
				TARGETED_DEVICE_FAMILY = "1,2";
				TEST_TARGET_NAME = examen;
			};
			name = Debug;
		};
		F2E1AF032ED8F54D008C51DE /* Release */ = {
			isa = XCBuildConfiguration;
			buildSettings = {
				CODE_SIGN_STYLE = Automatic;
				CURRENT_PROJECT_VERSION = 1;
				GENERATE_INFOPLIST_FILE = YES;
				MARKETING_VERSION = 1.0;
				PRODUCT_BUNDLE_IDENTIFIER = com.example.examenUITests;
				PRODUCT_NAME = "$(TARGET_NAME)";
				STRING_CATALOG_GENERATE_SYMBOLS = NO;
				SWIFT_APPROACHABLE_CONCURRENCY = YES;
				SWIFT_EMIT_LOC_STRINGS = NO;
				SWIFT_UPCOMING_FEATURE_MEMBER_IMPORT_VISIBILITY = YES;
				SWIFT_VERSION = 5.0;
				TARGETED_DEVICE_FAMILY = "1,2";
				TEST_TARGET_NAME = examen;
			};
			name = Release;
		};
/* End XCBuildConfiguration section */

/* Begin XCConfigurationList section */
		F2E1AED52ED8F54B008C51DE /* Build configuration list for PBXProject "examen" */ = {
			isa = XCConfigurationList;
			buildConfigurations = (
				F2E1AEF92ED8F54D008C51DE /* Debug */,
				F2E1AEFA2ED8F54D008C51DE /* Release */,
			);
			defaultConfigurationIsVisible = 0;
			defaultConfigurationName = Release;
		};
		F2E1AEFB2ED8F54D008C51DE /* Build configuration list for PBXNativeTarget "examen" */ = {
			isa = XCConfigurationList;
			buildConfigurations = (
				F2E1AEFC2ED8F54D008C51DE /* Debug */,
				F2E1AEFD2ED8F54D008C51DE /* Release */,
			);
			defaultConfigurationIsVisible = 0;
			defaultConfigurationName = Release;
		};
		F2E1AEFE2ED8F54D008C51DE /* Build configuration list for PBXNativeTarget "examenTests" */ = {
			isa = XCConfigurationList;
			buildConfigurations = (
				F2E1AEFF2ED8F54D008C51DE /* Debug */,
				F2E1AF002ED8F54D008C51DE /* Release */,
			);
			defaultConfigurationIsVisible = 0;
			defaultConfigurationName = Release;
		};
		F2E1AF012ED8F54D008C51DE /* Build configuration list for PBXNativeTarget "examenUITests" */ = {
			isa = XCConfigurationList;
			buildConfigurations = (
				F2E1AF022ED8F54D008C51DE /* Debug */,
				F2E1AF032ED8F54D008C51DE /* Release */,
			);
			defaultConfigurationIsVisible = 0;
			defaultConfigurationName = Release;
		};
/* End XCConfigurationList section */

/* Begin XCRemoteSwiftPackageReference section */
		F2E1AF392ED8FBFF008C51DE /* XCRemoteSwiftPackageReference "SDWebImageSwiftUI" */ = {
			isa = XCRemoteSwiftPackageReference;
			repositoryURL = "https://github.com/SDWebImage/SDWebImageSwiftUI";
			requirement = {
				kind = upToNextMajorVersion;
				minimumVersion = 3.1.4;
			};
		};
		F2E1AF3A2ED8FC0E008C51DE /* XCRemoteSwiftPackageReference "Alamofire" */ = {
			isa = XCRemoteSwiftPackageReference;
			repositoryURL = "https://github.com/Alamofire/Alamofire.git";
			requirement = {
				kind = upToNextMajorVersion;
				minimumVersion = 5.9.0;
			};
		};
		F2E1AF3B2ED8FC18008C51DE /* XCRemoteSwiftPackageReference "FlowStacks" */ = {
			isa = XCRemoteSwiftPackageReference;
			repositoryURL = "https://github.com/johnpatrickmorgan/FlowStacks";
			requirement = {
				kind = upToNextMajorVersion;
				minimumVersion = 0.10.12;
			};
		};
/* End XCRemoteSwiftPackageReference section */

/* Begin XCSwiftPackageProductDependency section */
		F2E1AF3F2ED8FC4D008C51DE /* SDWebImageSwiftUI */ = {
			isa = XCSwiftPackageProductDependency;
			package = F2E1AF392ED8FBFF008C51DE /* XCRemoteSwiftPackageReference "SDWebImageSwiftUI" */;
			productName = SDWebImageSwiftUI;
		};
		F2E1AF412ED8FC51008C51DE /* Alamofire */ = {
			isa = XCSwiftPackageProductDependency;
			package = F2E1AF3A2ED8FC0E008C51DE /* XCRemoteSwiftPackageReference "Alamofire" */;
			productName = Alamofire;
		};
		F2E1AF432ED8FC53008C51DE /* FlowStacks */ = {
			isa = XCSwiftPackageProductDependency;
			package = F2E1AF3B2ED8FC18008C51DE /* XCRemoteSwiftPackageReference "FlowStacks" */;
			productName = FlowStacks;
		};
/* End XCSwiftPackageProductDependency section */
	};
	rootObject = F2E1AED22ED8F54B008C51DE /* Project object */;
}
